{
    "hash": "ea8230bda0af6f3dcb2a13bab5c3064b",
    "packages": [
        {
            "package": "zendframework/zendframework",
            "version": "dev-master",
            "alias-pretty-version": "2.0.x-dev",
            "alias-version": "2.0.9999999.9999999-dev"
        },
        {
            "package": "zendframework/zendframework",
            "version": "dev-master",
            "source-reference": "release-2.0.0rc2",
            "commit-date": "1343939269"
        },
        {
            "package": "zf-commons/zfc-base",
            "version": "dev-master",
            "source-reference": "211b7c725ba69efc0969d46a845fe43a7a4ec900",
            "commit-date": "1343813901"
        },
        {
            "package": "zf-commons/zfc-user",
            "version": "dev-master",
            "source-reference": "a2a75a9c1b51962ed2789aa9235913de908d6244",
            "commit-date": "1343805617"
        }
    ],
    "packages-dev": null,
    "aliases": [

    ],
    "minimum-stability": "stable",
    "stability-flags": {
        "zendframework/zendframework": 20,
        "zf-commons/zfc-base": 20,
        "zf-commons/zfc-user": 20
    }
}
