{
    "hash": "ea8230bda0af6f3dcb2a13bab5c3064b",
    "packages": [
        {
            "package": "zendframework/zendframework",
            "version": "dev-master",
            "alias-pretty-version": "2.0.x-dev",
            "alias-version": "2.0.9999999.9999999-dev"
        },
        {
            "package": "zendframework/zendframework",
            "version": "dev-master",
            "source-reference": "59929bfe514d557e6f3e3441b6a3c5fa78fa2bbf",
            "commit-date": "1343768700"
        },
        {
            "package": "zf-commons/zfc-base",
            "version": "dev-master",
            "source-reference": "481965df90ac484c5f4299013b0a158df54cf935",
            "commit-date": "1343755534"
        },
        {
            "package": "zf-commons/zfc-user",
            "version": "dev-master",
            "source-reference": "74334f1d190c44eaa50046f8f7fe613c2046ea6d",
            "commit-date": "1343652081"
        }
    ],
    "packages-dev": null,
    "aliases": [

    ],
    "minimum-stability": "stable",
    "stability-flags": {
        "zendframework/zendframework": 20,
        "zf-commons/zfc-base": 20,
        "zf-commons/zfc-user": 20
    }
}
